Microsoft Visual Studio Solution File, Format Version 7.00
Project("{FAE04EC0-301F-11D3-BF4B-00C04F79EFBC}") = "QRemind", "QRemind.csproj", "{702E80FD-34A1-4637-9DDB-B90C133D24DE}"
EndProject
Project("{54435603-DBB4-11D2-8724-00A0C9A8B90C}") = "Setup", "..\Setup\Setup.vdproj", "{BDF1D481-3DAB-4FE1-9025-C1B8573AAAE2}"
EndProject
Global
	GlobalSection(SolutionConfiguration) = preSolution
		ConfigName.0 = Debug
		ConfigName.1 = Release
	EndGlobalSection
	GlobalSection(ProjectDependencies) = postSolution
	EndGlobalSection
	GlobalSection(ProjectConfiguration) = postSolution
		{702E80FD-34A1-4637-9DDB-B90C133D24DE}.Debug.ActiveCfg = Debug|.NET
		{702E80FD-34A1-4637-9DDB-B90C133D24DE}.Debug.Build.0 = Debug|.NET
		{702E80FD-34A1-4637-9DDB-B90C133D24DE}.Release.ActiveCfg = Release|.NET
		{702E80FD-34A1-4637-9DDB-B90C133D24DE}.Release.Build.0 = Release|.NET
		{BDF1D481-3DAB-4FE1-9025-C1B8573AAAE2}.Debug.ActiveCfg = Debug
		{BDF1D481-3DAB-4FE1-9025-C1B8573AAAE2}.Release.ActiveCfg = Release
	EndGlobalSection
	GlobalSection(ExtensibilityGlobals) = postSolution
	EndGlobalSection
	GlobalSection(ExtensibilityAddIns) = postSolution
	EndGlobalSection
EndGlobal
