Microsoft Visual Studio Solution File, Format Version 12.00
# Visual Studio Express 2012 for Windows Desktop
Project("{FAE04EC0-301F-11D3-BF4B-00C04F79EFBC}") = "QRemind", "QRemind.csproj", "{702E80FD-34A1-4637-9DDB-B90C133D24DE}"
EndProject
Project("{54435603-DBB4-11D2-8724-00A0C9A8B90C}") = "Setup", "..\Setup\Setup.vdproj", "{BDF1D481-3DAB-4FE1-9025-C1B8573AAAE2}"
EndProject
Global
	GlobalSection(SolutionConfigurationPlatforms) = preSolution
		Debug|Any CPU = Debug|Any CPU
		Release|Any CPU = Release|Any CPU
	EndGlobalSection
	GlobalSection(ProjectConfigurationPlatforms) = postSolution
		{702E80FD-34A1-4637-9DDB-B90C133D24DE}.Debug|Any CPU.ActiveCfg = Debug|Any CPU
		{702E80FD-34A1-4637-9DDB-B90C133D24DE}.Debug|Any CPU.Build.0 = Debug|Any CPU
		{702E80FD-34A1-4637-9DDB-B90C133D24DE}.Release|Any CPU.ActiveCfg = Release|Any CPU
		{702E80FD-34A1-4637-9DDB-B90C133D24DE}.Release|Any CPU.Build.0 = Release|Any CPU
		{BDF1D481-3DAB-4FE1-9025-C1B8573AAAE2}.Debug|Any CPU.ActiveCfg = Debug
		{BDF1D481-3DAB-4FE1-9025-C1B8573AAAE2}.Release|Any CPU.ActiveCfg = Release
	EndGlobalSection
	GlobalSection(SolutionProperties) = preSolution
		HideSolutionNode = FALSE
	EndGlobalSection
EndGlobal
