Microsoft Visual Studio Solution File, Format Version 7.00
Project("{FAE04EC0-301F-11D3-BF4B-00C04F79EFBC}") = "WindowsApplication1", "WindowsApplication1.csproj", "{F6E6284A-19A6-4B97-9DB9-881D848CA9C3}"
EndProject
Global
	GlobalSection(SolutionConfiguration) = preSolution
		ConfigName.0 = Debug
		ConfigName.1 = Release
	EndGlobalSection
	GlobalSection(ProjectDependencies) = postSolution
	EndGlobalSection
	GlobalSection(ProjectConfiguration) = postSolution
		{F6E6284A-19A6-4B97-9DB9-881D848CA9C3}.Debug.ActiveCfg = Debug|.NET
		{F6E6284A-19A6-4B97-9DB9-881D848CA9C3}.Debug.Build.0 = Debug|.NET
		{F6E6284A-19A6-4B97-9DB9-881D848CA9C3}.Release.ActiveCfg = Release|.NET
		{F6E6284A-19A6-4B97-9DB9-881D848CA9C3}.Release.Build.0 = Release|.NET
	EndGlobalSection
	GlobalSection(ExtensibilityGlobals) = postSolution
	EndGlobalSection
	GlobalSection(ExtensibilityAddIns) = postSolution
	EndGlobalSection
EndGlobal
